
Microsoft Visual Studio Solution File, Format Version 12.00
# Visual Studio Version 16
VisualStudioVersion = 16.0.30225.117
MinimumVisualStudioVersion = 10.0.40219.1
Project("{F184B08F-C81C-45F6-A57F-5ABD9991F28F}") = "Color Switch Final", "Color Switch Final\Color Switch Final.vbproj", "{08057DF6-0BDE-4A08-AA5C-1763804AB00E}"
EndProject
Global
	GlobalSection(SolutionConfigurationPlatforms) = preSolution
		Debug|Any CPU = Debug|Any CPU
		Release|Any CPU = Release|Any CPU
	EndGlobalSection
	GlobalSection(ProjectConfigurationPlatforms) = postSolution
		{08057DF6-0BDE-4A08-AA5C-1763804AB00E}.Debug|Any CPU.ActiveCfg = Debug|Any CPU
		{08057DF6-0BDE-4A08-AA5C-1763804AB00E}.Debug|Any CPU.Build.0 = Debug|Any CPU
		{08057DF6-0BDE-4A08-AA5C-1763804AB00E}.Release|Any CPU.ActiveCfg = Release|Any CPU
		{08057DF6-0BDE-4A08-AA5C-1763804AB00E}.Release|Any CPU.Build.0 = Release|Any CPU
	EndGlobalSection
	GlobalSection(SolutionProperties) = preSolution
		HideSolutionNode = FALSE
	EndGlobalSection
	GlobalSection(ExtensibilityGlobals) = postSolution
		SolutionGuid = {F9E3E7FE-D32B-450B-8A8B-D750F9963313}
	EndGlobalSection
EndGlobal
